
Microsoft Visual Studio Solution File, Format Version 12.00
# Visual Studio Version 17
VisualStudioVersion = 17.3.32825.248
MinimumVisualStudioVersion = 10.0.40219.1
Project("{FAE04EC0-301F-11D3-BF4B-00C04F79EFBC}") = "WinFormsApp1", "WinFormsApp1\WinFormsApp1.csproj", "{D406AC0E-C622-48FC-9510-59F21FDBF60D}"
EndProject
Global
	GlobalSection(SolutionConfigurationPlatforms) = preSolution
		Debug|Any CPU = Debug|Any CPU
		Release|Any CPU = Release|Any CPU
	EndGlobalSection
	GlobalSection(ProjectConfigurationPlatforms) = postSolution
		{D406AC0E-C622-48FC-9510-59F21FDBF60D}.Debug|Any CPU.ActiveCfg = Debug|Any CPU
		{D406AC0E-C622-48FC-9510-59F21FDBF60D}.Debug|Any CPU.Build.0 = Debug|Any CPU
		{D406AC0E-C622-48FC-9510-59F21FDBF60D}.Release|Any CPU.ActiveCfg = Release|Any CPU
		{D406AC0E-C622-48FC-9510-59F21FDBF60D}.Release|Any CPU.Build.0 = Release|Any CPU
	EndGlobalSection
	GlobalSection(SolutionProperties) = preSolution
		HideSolutionNode = FALSE
	EndGlobalSection
	GlobalSection(ExtensibilityGlobals) = postSolution
		SolutionGuid = {13316176-73BD-4B93-B561-19B6743CF6BD}
	EndGlobalSection
EndGlobal
